
Microsoft Visual Studio Solution File, Format Version 9.00
# Visual Studio 2005
Project("{FAE04EC0-301F-11D3-BF4B-00C04F79EFBC}") = "PowerPointServer", "PowerPointServer\PowerPointServer.csproj", "{189A1F69-7450-4FCE-882F-FBD3321FC161}"
EndProject
Global
	GlobalSection(SolutionConfigurationPlatforms) = preSolution
		Debug|Any CPU = Debug|Any CPU
		Release|Any CPU = Release|Any CPU
	EndGlobalSection
	GlobalSection(ProjectConfigurationPlatforms) = postSolution
		{189A1F69-7450-4FCE-882F-FBD3321FC161}.Debug|Any CPU.ActiveCfg = Debug|Any CPU
		{189A1F69-7450-4FCE-882F-FBD3321FC161}.Debug|Any CPU.Build.0 = Debug|Any CPU
		{189A1F69-7450-4FCE-882F-FBD3321FC161}.Release|Any CPU.ActiveCfg = Release|Any CPU
		{189A1F69-7450-4FCE-882F-FBD3321FC161}.Release|Any CPU.Build.0 = Release|Any CPU
	EndGlobalSection
	GlobalSection(SolutionProperties) = preSolution
		HideSolutionNode = FALSE
	EndGlobalSection
EndGlobal
