
Microsoft Visual Studio Solution File, Format Version 10.00
# Visual Studio 2008
Project("{8BC9CEB8-8B4A-11D0-8D11-00A0C91BC942}") = "irouter", "irouter.vcproj", "{2E409056-BF50-47E2-8DC1-CCB86ACE0DC4}"
	ProjectSection(ProjectDependencies) = postProject
		{A94F4E26-0E7A-49AF-89E6-94FB58784F47} = {A94F4E26-0E7A-49AF-89E6-94FB58784F47}
		{41B39295-DF16-460C-A90A-477B5468957D} = {41B39295-DF16-460C-A90A-477B5468957D}
		{B52A4896-2073-4358-BEB9-FA831821CCB2} = {B52A4896-2073-4358-BEB9-FA831821CCB2}
		{2857BDC1-B13F-49D3-8BE5-3B06C6B9D81B} = {2857BDC1-B13F-49D3-8BE5-3B06C6B9D81B}
		{2AE697C8-B644-4132-A254-EE319D65BCEF} = {2AE697C8-B644-4132-A254-EE319D65BCEF}
	EndProjectSection
EndProject
Project("{8BC9CEB8-8B4A-11D0-8D11-00A0C91BC942}") = "aCodecs", "..\..\..\lib\aCodecs\Win32\aCodecs\aCodecs.vcproj", "{2857BDC1-B13F-49D3-8BE5-3B06C6B9D81B}"
EndProject
Project("{8BC9CEB8-8B4A-11D0-8D11-00A0C91BC942}") = "vCodecs", "..\..\..\lib\vCodecs\Win32\vCodecs.vcproj", "{A94F4E26-0E7A-49AF-89E6-94FB58784F47}"
EndProject
Project("{8BC9CEB8-8B4A-11D0-8D11-00A0C91BC942}") = "ICF2", "..\..\..\lib\ICF2\WinXP\ICF2.vcproj", "{41B39295-DF16-460C-A90A-477B5468957D}"
EndProject
Project("{8BC9CEB8-8B4A-11D0-8D11-00A0C91BC942}") = "RTP", "..\..\..\lib\RTP\Win32\RTP\RTP.vcproj", "{B52A4896-2073-4358-BEB9-FA831821CCB2}"
	ProjectSection(ProjectDependencies) = postProject
		{A94F4E26-0E7A-49AF-89E6-94FB58784F47} = {A94F4E26-0E7A-49AF-89E6-94FB58784F47}
		{41B39295-DF16-460C-A90A-477B5468957D} = {41B39295-DF16-460C-A90A-477B5468957D}
	EndProjectSection
EndProject
Project("{8BC9CEB8-8B4A-11D0-8D11-00A0C91BC942}") = "vUtils", "..\..\..\lib\vUtils\Win32\vUtils\vUtils.vcproj", "{2AE697C8-B644-4132-A254-EE319D65BCEF}"
EndProject
Global
	GlobalSection(SolutionConfigurationPlatforms) = preSolution
		Debug|Win32 = Debug|Win32
		Release|Win32 = Release|Win32
	EndGlobalSection
	GlobalSection(ProjectConfigurationPlatforms) = postSolution
		{2E409056-BF50-47E2-8DC1-CCB86ACE0DC4}.Debug|Win32.ActiveCfg = Debug|Win32
		{2E409056-BF50-47E2-8DC1-CCB86ACE0DC4}.Debug|Win32.Build.0 = Debug|Win32
		{2E409056-BF50-47E2-8DC1-CCB86ACE0DC4}.Release|Win32.ActiveCfg = Release|Win32
		{2E409056-BF50-47E2-8DC1-CCB86ACE0DC4}.Release|Win32.Build.0 = Release|Win32
		{2857BDC1-B13F-49D3-8BE5-3B06C6B9D81B}.Debug|Win32.ActiveCfg = Debug -static|Win32
		{2857BDC1-B13F-49D3-8BE5-3B06C6B9D81B}.Debug|Win32.Build.0 = Debug -static|Win32
		{2857BDC1-B13F-49D3-8BE5-3B06C6B9D81B}.Release|Win32.ActiveCfg = Release -static|Win32
		{2857BDC1-B13F-49D3-8BE5-3B06C6B9D81B}.Release|Win32.Build.0 = Release -static|Win32
		{A94F4E26-0E7A-49AF-89E6-94FB58784F47}.Debug|Win32.ActiveCfg = Debug|Win32
		{A94F4E26-0E7A-49AF-89E6-94FB58784F47}.Debug|Win32.Build.0 = Debug|Win32
		{A94F4E26-0E7A-49AF-89E6-94FB58784F47}.Release|Win32.ActiveCfg = Release|Win32
		{A94F4E26-0E7A-49AF-89E6-94FB58784F47}.Release|Win32.Build.0 = Release|Win32
		{41B39295-DF16-460C-A90A-477B5468957D}.Debug|Win32.ActiveCfg = DebugNonThreaded|Win32
		{41B39295-DF16-460C-A90A-477B5468957D}.Debug|Win32.Build.0 = DebugNonThreaded|Win32
		{41B39295-DF16-460C-A90A-477B5468957D}.Release|Win32.ActiveCfg = ReleaseNonThreaded|Win32
		{41B39295-DF16-460C-A90A-477B5468957D}.Release|Win32.Build.0 = ReleaseNonThreaded|Win32
		{B52A4896-2073-4358-BEB9-FA831821CCB2}.Debug|Win32.ActiveCfg = DebugNonThreaded|Win32
		{B52A4896-2073-4358-BEB9-FA831821CCB2}.Debug|Win32.Build.0 = DebugNonThreaded|Win32
		{B52A4896-2073-4358-BEB9-FA831821CCB2}.Release|Win32.ActiveCfg = ReleaseNonThreaded|Win32
		{B52A4896-2073-4358-BEB9-FA831821CCB2}.Release|Win32.Build.0 = ReleaseNonThreaded|Win32
		{2AE697C8-B644-4132-A254-EE319D65BCEF}.Debug|Win32.ActiveCfg = Debug|Win32
		{2AE697C8-B644-4132-A254-EE319D65BCEF}.Debug|Win32.Build.0 = Debug|Win32
		{2AE697C8-B644-4132-A254-EE319D65BCEF}.Release|Win32.ActiveCfg = Release|Win32
		{2AE697C8-B644-4132-A254-EE319D65BCEF}.Release|Win32.Build.0 = Release|Win32
	EndGlobalSection
	GlobalSection(SolutionProperties) = preSolution
		HideSolutionNode = FALSE
	EndGlobalSection
EndGlobal
